# This file was autogenerated by Stack.
# You should not edit this file by hand.
# For more information, please see the documentation at:
#   https://docs.haskellstack.org/en/stable/lock_files

packages:
- completed:
    hackage: pandoc-types-1.20@sha256:8393b1a73b8a6a1f3feaeb3a6592c176461082c3e4d897f1b316b1a58dd84c39,3999
    pantry-tree:
      size: 855
      sha256: cdaa66d381a21406434e7a733c9b9291a3bc44b623e7a9f97ef335283770f3fa
  original:
    hackage: pandoc-types-1.20
- completed:
    hackage: texmath-0.12@sha256:148a7cf41aaba411a3a7b8e6995bcf7a29fc499af64b2320eb573fbd1c15d209,6565
    pantry-tree:
      size: 273835
      sha256: b2d6e699481f7b7aa784ca357b9dc28d0724bed46ab6a64a37250467341cd69f
  original:
    hackage: texmath-0.12
- completed:
    hackage: haddock-library-1.8.0@sha256:293544a80c3d817a021fec69c430e808914a9d86db0c6bd6e96a386607a66627,3850
    pantry-tree:
      size: 3397
      sha256: 2fb23fd09565829807a0368011cd57ea13e9a79fa4c65a47810aaf9a528427c2
  original:
    hackage: haddock-library-1.8.0
- completed:
    hackage: skylighting-0.8.3@sha256:dbd885fc6be993cb3714b67ab1ba32c110dc889cd96d2a70f4dc2f67518ad5d3,9726
    pantry-tree:
      size: 10380
      sha256: 13168bd9453bd3dc7aa2a82fabf4d6c0ac1cf6842dc36a3c438cb53b13f373e2
  original:
    hackage: skylighting-0.8.3
- completed:
    hackage: skylighting-core-0.8.3@sha256:90cf39790b38f77f13a29a7a64a7c50a8cb0442c2c68f5cd7b44c12a32e8dd37,8056
    pantry-tree:
      size: 13279
      sha256: b1a068399edd99206d1c7221087b3c02c9cd61599abd5c33eb62fe34863de467
  original:
    hackage: skylighting-core-0.8.3
- completed:
    hackage: regex-pcre-builtin-0.95.0.8.8.35@sha256:7488751d031bea9bc996c376c8086846a22010c764d8cc120df8b14ce7af9dbb,4550
    pantry-tree:
      size: 2370
      sha256: 0ade97e9b1480da21b3de663b23394558ed0838103ea509e7d22b134e6745190
  original:
    hackage: regex-pcre-builtin-0.95.0.8.8.35
- completed:
    hackage: doclayout-0.2.0.1@sha256:0410e40c4fa8e299b4f5fa03d378111b9d0effdf59134c95882a160637887ba8,2063
    pantry-tree:
      size: 424
      sha256: d43cc75d1a016cb5c5029ec1e00306192631a344f1453c2c0f25e9370452a8b4
  original:
    hackage: doclayout-0.2.0.1
- completed:
    hackage: emojis-0.1@sha256:3cd86b552ad71c118a7822128c97054b6cf22bc4ff5b8f7e3eb0b356202aeecd,1907
    pantry-tree:
      size: 426
      sha256: 0af0e5f0ba2af10a2eda8b96b41ff77d2229d90682c1220723a13b9582c4a41b
  original:
    hackage: emojis-0.1
- completed:
    hackage: jira-wiki-markup-1.0.0@sha256:24484791e650c80c452348e2523decc9a410aa965f79c0734c1e257f93b25cd1,3576
    pantry-tree:
      size: 1178
      sha256: 60c39181a59a497be6c754e1cbf03461d9c4950bd4c523ca1efe1bd11e6f6b4f
  original:
    hackage: jira-wiki-markup-1.0.0
- completed:
    hackage: HsYAML-0.2.0.0@sha256:4e554ee481650156a26a71b40f233979cd943f22ee887b70dae3b8b24de2932f,5273
    pantry-tree:
      size: 1279
      sha256: ae72511c2322bffdea7ed0d29b689d9e1b61ad55b251adb2aff743d5d7259e07
  original:
    hackage: HsYAML-0.2.0.0
- completed:
    hackage: HsYAML-aeson-0.2.0.0@sha256:04796abfc01cffded83f37a10e6edba4f0c0a15d45bef44fc5bb4313d9c87757,1791
    pantry-tree:
      size: 234
      sha256: 67cc9ba17c79e71d3abdb465a3ee2825477856fff3b8b7d543cbbbefdae9a9d9
  original:
    hackage: HsYAML-aeson-0.2.0.0
- completed:
    hackage: doctemplates-0.8@sha256:a85670fbc199422ff06b3f511c426a94e72d3ee1f2d165bfdfb64ec6bb48bdc3,3109
    pantry-tree:
      size: 2303
      sha256: b5391dce9460a950c93f85e2ea056ceb742098c4c92589cb67b574e8dbf12f87
  original:
    hackage: doctemplates-0.8
- completed:
    hackage: pandoc-citeproc-0.16.4.1@sha256:4700f5bda420d343ce1262fb5c4b244d785b98d6277698fb1d10a713001a8e17,8721
    pantry-tree:
      size: 25492
      sha256: 539b6ded39de91744b7cbba9757c33868299ce96713e154ccaa2a1d2a144d90b
  original:
    hackage: pandoc-citeproc-0.16.4.1
snapshots:
- completed:
    size: 524104
    url: https://raw.githubusercontent.com/commercialhaskell/stackage-snapshots/master/lts/14/5.yaml
    sha256: 3c146eebc1b383211ea49d5422fb3d63d699da12307b4bc989107300eb579d60
  original: lts-14.5
